{
  "name": "test-package",
  "version": "1.0.0",
  "lockfileVersion": 1,
  "requires": true,
  "dependencies": {
    "react-map": {
      "version": "0.0.2",
      "resolved": "https://registry.npmjs.org/react-map/-/react-map-0.0.2.tgz",
      "integrity": "sha1-vGcDuwCQcyj+rjOHOnV0m70E42M="
    }
  }
}
